
Microsoft Visual Studio Solution File, Format Version 12.00
# Visual Studio Version 16
VisualStudioVersion = 16.0.29926.136
MinimumVisualStudioVersion = 10.0.40219.1
Project("{FAE04EC0-301F-11D3-BF4B-00C04F79EFBC}") = "WebApplication3", "WebApplication3\WebApplication3.csproj", "{D08C14CF-C07F-4463-BCC6-024F43B76F0A}"
EndProject
Project("{FAE04EC0-301F-11D3-BF4B-00C04F79EFBC}") = "Persistence", "Persistence\Persistence.csproj", "{692B4134-4735-413B-996A-6D4389443C52}"
EndProject
Project("{FAE04EC0-301F-11D3-BF4B-00C04F79EFBC}") = "Model", "Modeln\Model.csproj", "{1824A538-13AF-41DC-88CD-CD7B48D1DD1D}"
EndProject
Project("{FAE04EC0-301F-11D3-BF4B-00C04F79EFBC}") = "Service", "Servicen\Service.csproj", "{E65ABDE2-B576-4596-91CF-E6EB32026E35}"
EndProject
Project("{FAE04EC0-301F-11D3-BF4B-00C04F79EFBC}") = "Common", "Common\Common.csproj", "{085F7B58-5252-4841-8BFA-A8FB0F620389}"
EndProject
Global
	GlobalSection(SolutionConfigurationPlatforms) = preSolution
		Debug|Any CPU = Debug|Any CPU
		Release|Any CPU = Release|Any CPU
	EndGlobalSection
	GlobalSection(ProjectConfigurationPlatforms) = postSolution
		{D08C14CF-C07F-4463-BCC6-024F43B76F0A}.Debug|Any CPU.ActiveCfg = Debug|Any CPU
		{D08C14CF-C07F-4463-BCC6-024F43B76F0A}.Debug|Any CPU.Build.0 = Debug|Any CPU
		{D08C14CF-C07F-4463-BCC6-024F43B76F0A}.Release|Any CPU.ActiveCfg = Release|Any CPU
		{D08C14CF-C07F-4463-BCC6-024F43B76F0A}.Release|Any CPU.Build.0 = Release|Any CPU
		{692B4134-4735-413B-996A-6D4389443C52}.Debug|Any CPU.ActiveCfg = Debug|Any CPU
		{692B4134-4735-413B-996A-6D4389443C52}.Debug|Any CPU.Build.0 = Debug|Any CPU
		{692B4134-4735-413B-996A-6D4389443C52}.Release|Any CPU.ActiveCfg = Release|Any CPU
		{692B4134-4735-413B-996A-6D4389443C52}.Release|Any CPU.Build.0 = Release|Any CPU
		{1824A538-13AF-41DC-88CD-CD7B48D1DD1D}.Debug|Any CPU.ActiveCfg = Debug|Any CPU
		{1824A538-13AF-41DC-88CD-CD7B48D1DD1D}.Debug|Any CPU.Build.0 = Debug|Any CPU
		{1824A538-13AF-41DC-88CD-CD7B48D1DD1D}.Release|Any CPU.ActiveCfg = Release|Any CPU
		{1824A538-13AF-41DC-88CD-CD7B48D1DD1D}.Release|Any CPU.Build.0 = Release|Any CPU
		{E65ABDE2-B576-4596-91CF-E6EB32026E35}.Debug|Any CPU.ActiveCfg = Debug|Any CPU
		{E65ABDE2-B576-4596-91CF-E6EB32026E35}.Debug|Any CPU.Build.0 = Debug|Any CPU
		{E65ABDE2-B576-4596-91CF-E6EB32026E35}.Release|Any CPU.ActiveCfg = Release|Any CPU
		{E65ABDE2-B576-4596-91CF-E6EB32026E35}.Release|Any CPU.Build.0 = Release|Any CPU
		{085F7B58-5252-4841-8BFA-A8FB0F620389}.Debug|Any CPU.ActiveCfg = Debug|Any CPU
		{085F7B58-5252-4841-8BFA-A8FB0F620389}.Debug|Any CPU.Build.0 = Debug|Any CPU
		{085F7B58-5252-4841-8BFA-A8FB0F620389}.Release|Any CPU.ActiveCfg = Release|Any CPU
		{085F7B58-5252-4841-8BFA-A8FB0F620389}.Release|Any CPU.Build.0 = Release|Any CPU
	EndGlobalSection
	GlobalSection(SolutionProperties) = preSolution
		HideSolutionNode = FALSE
	EndGlobalSection
	GlobalSection(ExtensibilityGlobals) = postSolution
		SolutionGuid = {C02A8C39-C357-4A48-9B2C-F53D87903AE9}
	EndGlobalSection
EndGlobal
